
Microsoft Visual Studio Solution File, Format Version 12.00
# Visual Studio Version 17
VisualStudioVersion = 17.14.36212.18 d17.14
MinimumVisualStudioVersion = 10.0.40219.1
Project("{FAE04EC0-301F-11D3-BF4B-00C04F79EFBC}") = "assignment-c#-Linq-02", "assignment-c#-Linq-02.csproj", "{690BDAEF-EC84-43C8-BEB9-AE395BD30A44}"
EndProject
Global
	GlobalSection(SolutionConfigurationPlatforms) = preSolution
		Debug|Any CPU = Debug|Any CPU
		Release|Any CPU = Release|Any CPU
	EndGlobalSection
	GlobalSection(ProjectConfigurationPlatforms) = postSolution
		{690BDAEF-EC84-43C8-BEB9-AE395BD30A44}.Debug|Any CPU.ActiveCfg = Debug|Any CPU
		{690BDAEF-EC84-43C8-BEB9-AE395BD30A44}.Debug|Any CPU.Build.0 = Debug|Any CPU
		{690BDAEF-EC84-43C8-BEB9-AE395BD30A44}.Release|Any CPU.ActiveCfg = Release|Any CPU
		{690BDAEF-EC84-43C8-BEB9-AE395BD30A44}.Release|Any CPU.Build.0 = Release|Any CPU
	EndGlobalSection
	GlobalSection(SolutionProperties) = preSolution
		HideSolutionNode = FALSE
	EndGlobalSection
	GlobalSection(ExtensibilityGlobals) = postSolution
		SolutionGuid = {FC775D85-9B3E-4E92-8AB4-813478FCC6C8}
	EndGlobalSection
EndGlobal
