
Microsoft Visual Studio Solution File, Format Version 12.00
# Visual Studio Version 17
VisualStudioVersion = 17.14.36212.18 d17.14
MinimumVisualStudioVersion = 10.0.40219.1
Project("{FAE04EC0-301F-11D3-BF4B-00C04F79EFBC}") = "assignment-c#-Linq-02", "assignment-c#-Linq-02.csproj", "{97E50BE1-C9F8-4545-906A-DE69147FDE14}"
EndProject
Global
	GlobalSection(SolutionConfigurationPlatforms) = preSolution
		Debug|Any CPU = Debug|Any CPU
		Release|Any CPU = Release|Any CPU
	EndGlobalSection
	GlobalSection(ProjectConfigurationPlatforms) = postSolution
		{97E50BE1-C9F8-4545-906A-DE69147FDE14}.Debug|Any CPU.ActiveCfg = Debug|Any CPU
		{97E50BE1-C9F8-4545-906A-DE69147FDE14}.Debug|Any CPU.Build.0 = Debug|Any CPU
		{97E50BE1-C9F8-4545-906A-DE69147FDE14}.Release|Any CPU.ActiveCfg = Release|Any CPU
		{97E50BE1-C9F8-4545-906A-DE69147FDE14}.Release|Any CPU.Build.0 = Release|Any CPU
	EndGlobalSection
	GlobalSection(SolutionProperties) = preSolution
		HideSolutionNode = FALSE
	EndGlobalSection
	GlobalSection(ExtensibilityGlobals) = postSolution
		SolutionGuid = {0AEAC837-8238-41D5-B705-0D6DED805336}
	EndGlobalSection
EndGlobal
